
Microsoft Visual Studio Solution File, Format Version 12.00
# Visual Studio Version 18
VisualStudioVersion = 18.6.11709.129
MinimumVisualStudioVersion = 10.0.40219.1
Project("{FAE04EC0-301F-11D3-BF4B-00C04F79EFBC}") = "Yakumo.Affect", "Yakumo.Affect\Yakumo-Affect.csproj", "{3A35F50D-06B7-4A21-8CD6-59F3B5987800}"
EndProject
Project("{FAE04EC0-301F-11D3-BF4B-00C04F79EFBC}") = "Yakumo.Affect.Sample", "samples\Yakumo.Affect.Sample\Yakumo.Affect.Sample.csproj", "{C4E8A1D2-9F7B-4E5C-8D3A-B6F2E5C4A9D1}"
EndProject
Global
	GlobalSection(SolutionConfigurationPlatforms) = preSolution
		Debug|Any CPU = Debug|Any CPU
		Release|Any CPU = Release|Any CPU
	EndGlobalSection
	GlobalSection(ProjectConfigurationPlatforms) = postSolution
		{3A35F50D-06B7-4A21-8CD6-59F3B5987800}.Debug|Any CPU.ActiveCfg = Debug|Any CPU
		{3A35F50D-06B7-4A21-8CD6-59F3B5987800}.Debug|Any CPU.Build.0 = Debug|Any CPU
		{3A35F50D-06B7-4A21-8CD6-59F3B5987800}.Release|Any CPU.ActiveCfg = Release|Any CPU
		{3A35F50D-06B7-4A21-8CD6-59F3B5987800}.Release|Any CPU.Build.0 = Release|Any CPU
		{C4E8A1D2-9F7B-4E5C-8D3A-B6F2E5C4A9D1}.Debug|Any CPU.ActiveCfg = Debug|Any CPU
		{C4E8A1D2-9F7B-4E5C-8D3A-B6F2E5C4A9D1}.Debug|Any CPU.Build.0 = Debug|Any CPU
		{C4E8A1D2-9F7B-4E5C-8D3A-B6F2E5C4A9D1}.Release|Any CPU.ActiveCfg = Release|Any CPU
		{C4E8A1D2-9F7B-4E5C-8D3A-B6F2E5C4A9D1}.Release|Any CPU.Build.0 = Release|Any CPU
	EndGlobalSection
EndGlobal
